
Microsoft Visual Studio Solution File, Format Version 12.00
# Visual Studio Version 17
VisualStudioVersion = 17.1.32421.90
MinimumVisualStudioVersion = 10.0.40219.1
Project("{FAE04EC0-301F-11D3-BF4B-00C04F79EFBC}") = "WebAPITask1", "WebAPITask1\WebAPITask1.csproj", "{78227DC0-F812-4D7B-8A0D-A07F7F567DA3}"
EndProject
Global
	GlobalSection(SolutionConfigurationPlatforms) = preSolution
		Debug|Any CPU = Debug|Any CPU
		Release|Any CPU = Release|Any CPU
	EndGlobalSection
	GlobalSection(ProjectConfigurationPlatforms) = postSolution
		{78227DC0-F812-4D7B-8A0D-A07F7F567DA3}.Debug|Any CPU.ActiveCfg = Debug|Any CPU
		{78227DC0-F812-4D7B-8A0D-A07F7F567DA3}.Debug|Any CPU.Build.0 = Debug|Any CPU
		{78227DC0-F812-4D7B-8A0D-A07F7F567DA3}.Release|Any CPU.ActiveCfg = Release|Any CPU
		{78227DC0-F812-4D7B-8A0D-A07F7F567DA3}.Release|Any CPU.Build.0 = Release|Any CPU
	EndGlobalSection
	GlobalSection(SolutionProperties) = preSolution
		HideSolutionNode = FALSE
	EndGlobalSection
	GlobalSection(ExtensibilityGlobals) = postSolution
		SolutionGuid = {BCEB75B8-E091-4FBA-850A-178A2066C908}
	EndGlobalSection
EndGlobal
